// !$*UTF8*$!
{
	archiveVersion = 1;
	classes = {
	};
	objectVersion = 46;
	objects = {

/* Begin PBXBuildFile section */
		1AEBE76D1A9802B300C42E77 /* main.swift in Sources */ = {isa = PBXBuildFile; fileRef = 1AEBE76C1A9802B300C42E77 /* main.swift */; };
		1AEBE79A1A98041A00C42E77 /* libSwiftRational.dylib in Frameworks */ = {isa = PBXBuildFile; fileRef = 1AEBE7991A98041A00C42E77 /* libSwiftRational.dylib */; };
/* End PBXBuildFile section */

/* Begin PBXCopyFilesBuildPhase section */
		1AEBE7671A9802B300C42E77 /* CopyFiles */ = {
			isa = PBXCopyFilesBuildPhase;
			buildActionMask = 2147483647;
			dstPath = /usr/share/man/man1/;
			dstSubfolderSpec = 0;
			files = (
			);
			runOnlyForDeploymentPostprocessing = 1;
		};
/* End PBXCopyFilesBuildPhase section */

/* Begin PBXFileReference section */
		1AEBE7691A9802B300C42E77 /* SwiftRationalSampleApp */ = {isa = PBXFileReference; explicitFileType = "compiled.mach-o.executable"; includeInIndex = 0; path = SwiftRationalSampleApp; sourceTree = BUILT_PRODUCTS_DIR; };
		1AEBE76C1A9802B300C42E77 /* main.swift */ = {isa = PBXFileReference; lastKnownFileType = sourcecode.swift; path = main.swift; sourceTree = "<group>"; };
		1AEBE7991A98041A00C42E77 /* libSwiftRational.dylib */ = {isa = PBXFileReference; lastKnownFileType = "compiled.mach-o.dylib"; name = libSwiftRational.dylib; path = "../../../Library/Developer/Xcode/DerivedData/SwiftRational-dbzefbeeegdgfigchhtivpqlzanv/Build/Products/Debug/libSwiftRational.dylib"; sourceTree = "<group>"; };
/* End PBXFileReference section */

/* Begin PBXFrameworksBuildPhase section */
		1AEBE7661A9802B300C42E77 /* Frameworks */ = {
			isa = PBXFrameworksBuildPhase;
			buildActionMask = 2147483647;
			files = (
				1AEBE79A1A98041A00C42E77 /* libSwiftRational.dylib in Frameworks */,
			);
			runOnlyForDeploymentPostprocessing = 0;
		};
/* End PBXFrameworksBuildPhase section */

/* Begin PBXGroup section */
		1AEBE7601A9802B300C42E77 = {
			isa = PBXGroup;
			children = (
				1AEBE7991A98041A00C42E77 /* libSwiftRational.dylib */,
				1AEBE76B1A9802B300C42E77 /* SwiftRationalSampleApp */,
				1AEBE76A1A9802B300C42E77 /* Products */,
			);
			sourceTree = "<group>";
		};
		1AEBE76A1A9802B300C42E77 /* Products */ = {
			isa = PBXGroup;
			children = (
				1AEBE7691A9802B300C42E77 /* SwiftRationalSampleApp */,
			);
			name = Products;
			sourceTree = "<group>";
		};
		1AEBE76B1A9802B300C42E77 /* SwiftRationalSampleApp */ = {
			isa = PBXGroup;
			children = (
				1AEBE76C1A9802B300C42E77 /* main.swift */,
			);
			path = SwiftRationalSampleApp;
			sourceTree = "<group>";
		};
/* End PBXGroup section */

/* Begin PBXNativeTarget section */
		1AEBE7681A9802B300C42E77 /* SwiftRationalSampleApp */ = {
			isa = PBXNativeTarget;
			buildConfigurationList = 1AEBE7701A9802B300C42E77 /* Build configuration list for PBXNativeTarget "SwiftRationalSampleApp" */;
			buildPhases = (
				1AEBE7651A9802B300C42E77 /* Sources */,
				1AEBE7661A9802B300C42E77 /* Frameworks */,
				1AEBE7671A9802B300C42E77 /* CopyFiles */,
			);
			buildRules = (
			);
			dependencies = (
			);
			name = SwiftRationalSampleApp;
			productName = SwiftRationalSampleApp;
			productReference = 1AEBE7691A9802B300C42E77 /* SwiftRationalSampleApp */;
			productType = "com.apple.product-type.tool";
		};
/* End PBXNativeTarget section */

/* Begin PBXProject section */
		1AEBE7611A9802B300C42E77 /* Project object */ = {
			isa = PBXProject;
			attributes = {
				LastUpgradeCheck = 0610;
				ORGANIZATIONNAME = "Austin Zheng";
				TargetAttributes = {
					1AEBE7681A9802B300C42E77 = {
						CreatedOnToolsVersion = 6.1.1;
					};
				};
			};
			buildConfigurationList = 1AEBE7641A9802B300C42E77 /* Build configuration list for PBXProject "SwiftRationalSampleApp" */;
			compatibilityVersion = "Xcode 3.2";
			developmentRegion = English;
			hasScannedForEncodings = 0;
			knownRegions = (
				en,
			);
			mainGroup = 1AEBE7601A9802B300C42E77;
			productRefGroup = 1AEBE76A1A9802B300C42E77 /* Products */;
			projectDirPath = "";
			projectRoot = "";
			targets = (
				1AEBE7681A9802B300C42E77 /* SwiftRationalSampleApp */,
			);
		};
/* End PBXProject section */

/* Begin PBXSourcesBuildPhase section */
		1AEBE7651A9802B300C42E77 /* Sources */ = {
			isa = PBXSourcesBuildPhase;
			buildActionMask = 2147483647;
			files = (
				1AEBE76D1A9802B300C42E77 /* main.swift in Sources */,
			);
			runOnlyForDeploymentPostprocessing = 0;
		};
/* End PBXSourcesBuildPhase section */

/* Begin XCBuildConfiguration section */
		1AEBE76E1A9802B300C42E77 /* Debug */ = {
			isa = XCBuildConfiguration;
			buildSettings = {
				ALWAYS_SEARCH_USER_PATHS = NO;
				CLANG_CXX_LANGUAGE_STANDARD = "gnu++0x";
				CLANG_CXX_LIBRARY = "libc++";
				CLANG_ENABLE_MODULES = YES;
				CLANG_ENABLE_OBJC_ARC = YES;
				CLANG_WARN_BOOL_CONVERSION = YES;
				CLANG_WARN_CONSTANT_CONVERSION = YES;
				CLANG_WARN_DIRECT_OBJC_ISA_USAGE = YES_ERROR;
				CLANG_WARN_EMPTY_BODY = YES;
				CLANG_WARN_ENUM_CONVERSION = YES;
				CLANG_WARN_INT_CONVERSION = YES;
				CLANG_WARN_OBJC_ROOT_CLASS = YES_ERROR;
				CLANG_WARN_UNREACHABLE_CODE = YES;
				CLANG_WARN__DUPLICATE_METHOD_MATCH = YES;
				COPY_PHASE_STRIP = NO;
				ENABLE_STRICT_OBJC_MSGSEND = YES;
				GCC_C_LANGUAGE_STANDARD = gnu99;
				GCC_DYNAMIC_NO_PIC = NO;
				GCC_OPTIMIZATION_LEVEL = 0;
				GCC_PREPROCESSOR_DEFINITIONS = (
					"DEBUG=1",
					"$(inherited)",
				);
				GCC_SYMBOLS_PRIVATE_EXTERN = NO;
				GCC_WARN_64_TO_32_BIT_CONVERSION = YES;
				GCC_WARN_ABOUT_RETURN_TYPE = YES_ERROR;
				GCC_WARN_UNDECLARED_SELECTOR = YES;
				GCC_WARN_UNINITIALIZED_AUTOS = YES_AGGRESSIVE;
				GCC_WARN_UNUSED_FUNCTION = YES;
				GCC_WARN_UNUSED_VARIABLE = YES;
				MACOSX_DEPLOYMENT_TARGET = 10.10;
				MTL_ENABLE_DEBUG_INFO = YES;
				ONLY_ACTIVE_ARCH = YES;
				SDKROOT = macosx;
				SWIFT_OPTIMIZATION_LEVEL = "-Onone";
			};
			name = Debug;
		};
		1AEBE76F1A9802B300C42E77 /* Release */ = {
			isa = XCBuildConfiguration;
			buildSettings = {
				ALWAYS_SEARCH_USER_PATHS = NO;
				CLANG_CXX_LANGUAGE_STANDARD = "gnu++0x";
				CLANG_CXX_LIBRARY = "libc++";
				CLANG_ENABLE_MODULES = YES;
				CLANG_ENABLE_OBJC_ARC = YES;
				CLANG_WARN_BOOL_CONVERSION = YES;
				CLANG_WARN_CONSTANT_CONVERSION = YES;
				CLANG_WARN_DIRECT_OBJC_ISA_USAGE = YES_ERROR;
				CLANG_WARN_EMPTY_BODY = YES;
				CLANG_WARN_ENUM_CONVERSION = YES;
				CLANG_WARN_INT_CONVERSION = YES;
				CLANG_WARN_OBJC_ROOT_CLASS = YES_ERROR;
				CLANG_WARN_UNREACHABLE_CODE = YES;
				CLANG_WARN__DUPLICATE_METHOD_MATCH = YES;
				COPY_PHASE_STRIP = YES;
				DEBUG_INFORMATION_FORMAT = "dwarf-with-dsym";
				ENABLE_NS_ASSERTIONS = NO;
				ENABLE_STRICT_OBJC_MSGSEND = YES;
				GCC_C_LANGUAGE_STANDARD = gnu99;
				GCC_WARN_64_TO_32_BIT_CONVERSION = YES;
				GCC_WARN_ABOUT_RETURN_TYPE = YES_ERROR;
				GCC_WARN_UNDECLARED_SELECTOR = YES;
				GCC_WARN_UNINITIALIZED_AUTOS = YES_AGGRESSIVE;
				GCC_WARN_UNUSED_FUNCTION = YES;
				GCC_WARN_UNUSED_VARIABLE = YES;
				MACOSX_DEPLOYMENT_TARGET = 10.10;
				MTL_ENABLE_DEBUG_INFO = NO;
				SDKROOT = macosx;
			};
			name = Release;
		};
		1AEBE7711A9802B300C42E77 /* Debug */ = {
			isa = XCBuildConfiguration;
			buildSettings = {
				LIBRARY_SEARCH_PATHS = (
					"$(inherited)",
					"$(USER_LIBRARY_DIR)/Developer/Xcode/DerivedData/SwiftRational-dbzefbeeegdgfigchhtivpqlzanv/Build/Products/Debug",
				);
				PRODUCT_NAME = "$(TARGET_NAME)";
			};
			name = Debug;
		};
		1AEBE7721A9802B300C42E77 /* Release */ = {
			isa = XCBuildConfiguration;
			buildSettings = {
				LIBRARY_SEARCH_PATHS = (
					"$(inherited)",
					"$(USER_LIBRARY_DIR)/Developer/Xcode/DerivedData/SwiftRational-dbzefbeeegdgfigchhtivpqlzanv/Build/Products/Debug",
				);
				PRODUCT_NAME = "$(TARGET_NAME)";
			};
			name = Release;
		};
/* End XCBuildConfiguration section */

/* Begin XCConfigurationList section */
		1AEBE7641A9802B300C42E77 /* Build configuration list for PBXProject "SwiftRationalSampleApp" */ = {
			isa = XCConfigurationList;
			buildConfigurations = (
				1AEBE76E1A9802B300C42E77 /* Debug */,
				1AEBE76F1A9802B300C42E77 /* Release */,
			);
			defaultConfigurationIsVisible = 0;
			defaultConfigurationName = Release;
		};
		1AEBE7701A9802B300C42E77 /* Build configuration list for PBXNativeTarget "SwiftRationalSampleApp" */ = {
			isa = XCConfigurationList;
			buildConfigurations = (
				1AEBE7711A9802B300C42E77 /* Debug */,
				1AEBE7721A9802B300C42E77 /* Release */,
			);
			defaultConfigurationIsVisible = 0;
		};
/* End XCConfigurationList section */
	};
	rootObject = 1AEBE7611A9802B300C42E77 /* Project object */;
}
